# THIS IS AN AUTOGENERATED FILE. DO NOT EDIT THIS FILE DIRECTLY.
# yarn lockfile v1


"@hono/node-server@^1.14.4":
  version "1.14.4"
  resolved "https://registry.npmmirror.com/@hono/node-server/-/node-server-1.14.4.tgz#e6c27a8b40ae8fa8e49b58bc4b7554accfb2d298"
  integrity sha512-DnxpshhYewr2q9ZN8ez/M5mmc3sucr8CT1sIgIy1bkeUXut9XWDkqHoFHRhWIQgkYnKpVRxunyhK7WzpJeJ6qQ==

hono@^4.7.11:
  version "4.7.11"
  resolved "https://registry.npmmirror.com/hono/-/hono-4.7.11.tgz#369819d9daca5822db7b123462c5ce20b121c640"
  integrity sha512-rv0JMwC0KALbbmwJDEnxvQCeJh+xbS3KEWW5PC9cMJ08Ur9xgatI0HmtgYZfOdOSOeYsp5LO2cOhdI8cLEbDEQ==
